
Microsoft Visual Studio Solution File, Format Version 12.00
# Visual Studio Version 16
VisualStudioVersion = 16.0.29905.134
MinimumVisualStudioVersion = 10.0.40219.1
Project("{FAE04EC0-301F-11D3-BF4B-00C04F79EFBC}") = "Semana03", "Semana03\Semana03.csproj", "{211BBBC5-49A1-447E-A7B6-4B435F2D87E4}"
EndProject
Global
	GlobalSection(SolutionConfigurationPlatforms) = preSolution
		Debug|Any CPU = Debug|Any CPU
		Release|Any CPU = Release|Any CPU
	EndGlobalSection
	GlobalSection(ProjectConfigurationPlatforms) = postSolution
		{211BBBC5-49A1-447E-A7B6-4B435F2D87E4}.Debug|Any CPU.ActiveCfg = Debug|Any CPU
		{211BBBC5-49A1-447E-A7B6-4B435F2D87E4}.Debug|Any CPU.Build.0 = Debug|Any CPU
		{211BBBC5-49A1-447E-A7B6-4B435F2D87E4}.Release|Any CPU.ActiveCfg = Release|Any CPU
		{211BBBC5-49A1-447E-A7B6-4B435F2D87E4}.Release|Any CPU.Build.0 = Release|Any CPU
	EndGlobalSection
	GlobalSection(SolutionProperties) = preSolution
		HideSolutionNode = FALSE
	EndGlobalSection
	GlobalSection(ExtensibilityGlobals) = postSolution
		SolutionGuid = {5FFE0A76-8041-45B1-B5BE-98C13E0808C4}
	EndGlobalSection
EndGlobal
